
Microsoft Visual Studio Solution File, Format Version 12.00
# Visual Studio Version 17
VisualStudioVersion = 17.2.32526.322
MinimumVisualStudioVersion = 10.0.40219.1
Project("{FAE04EC0-301F-11D3-BF4B-00C04F79EFBC}") = "LibraryApp", "LibraryApp\LibraryApp.csproj", "{21A74614-0918-4194-9EE7-171BEE57B1D0}"
	ProjectSection(ProjectDependencies) = postProject
		{1775F044-0CAF-4FD6-B57F-B8FB116490E5} = {1775F044-0CAF-4FD6-B57F-B8FB116490E5}
		{2B5A810A-6889-442B-8BFD-58B0FC8AA898} = {2B5A810A-6889-442B-8BFD-58B0FC8AA898}
		{67235BB6-98E4-4BC6-9B5D-3DE8E38633D0} = {67235BB6-98E4-4BC6-9B5D-3DE8E38633D0}
		{8D6FF413-093F-44C4-82A7-0C7B9E5D0D75} = {8D6FF413-093F-44C4-82A7-0C7B9E5D0D75}
		{8F0FB5DC-34CE-4CE3-841B-35A4A742F3BA} = {8F0FB5DC-34CE-4CE3-841B-35A4A742F3BA}
		{DA1402BC-957C-40BD-8B97-FB7845204061} = {DA1402BC-957C-40BD-8B97-FB7845204061}
		{E63792BF-942D-47FA-ADE8-40A8E0952C5A} = {E63792BF-942D-47FA-ADE8-40A8E0952C5A}
		{FAAE0972-B6D9-4DFE-9112-FB399BFEE14E} = {FAAE0972-B6D9-4DFE-9112-FB399BFEE14E}
	EndProjectSection
EndProject
Project("{FAE04EC0-301F-11D3-BF4B-00C04F79EFBC}") = "LibraryServer", "Libraryserver\LibraryServer.csproj", "{9BF4EA29-4648-4C99-AD8F-96276775258C}"
EndProject
Project("{FAE04EC0-301F-11D3-BF4B-00C04F79EFBC}") = "Login", "Login\Login.csproj", "{8F0FB5DC-34CE-4CE3-841B-35A4A742F3BA}"
EndProject
Project("{FAE04EC0-301F-11D3-BF4B-00C04F79EFBC}") = "Register", "Register\Register.csproj", "{8D6FF413-093F-44C4-82A7-0C7B9E5D0D75}"
EndProject
Project("{FAE04EC0-301F-11D3-BF4B-00C04F79EFBC}") = "CurrencyCalculator", "CurrencyCalculator\CurrencyCalculator.csproj", "{E63792BF-942D-47FA-ADE8-40A8E0952C5A}"
EndProject
Project("{FAE04EC0-301F-11D3-BF4B-00C04F79EFBC}") = "BooksView", "BooksView\BooksView.csproj", "{DA1402BC-957C-40BD-8B97-FB7845204061}"
	ProjectSection(ProjectDependencies) = postProject
		{E63792BF-942D-47FA-ADE8-40A8E0952C5A} = {E63792BF-942D-47FA-ADE8-40A8E0952C5A}
	EndProjectSection
EndProject
Project("{FAE04EC0-301F-11D3-BF4B-00C04F79EFBC}") = "BookManagement", "BookManagement\BookManagement.csproj", "{FAAE0972-B6D9-4DFE-9112-FB399BFEE14E}"
EndProject
Project("{FAE04EC0-301F-11D3-BF4B-00C04F79EFBC}") = "Notifications", "Notifications\Notifications.csproj", "{1775F044-0CAF-4FD6-B57F-B8FB116490E5}"
EndProject
Project("{FAE04EC0-301F-11D3-BF4B-00C04F79EFBC}") = "Subscriptions", "Subscriptions\Subscriptions.csproj", "{67235BB6-98E4-4BC6-9B5D-3DE8E38633D0}"
EndProject
Project("{FAE04EC0-301F-11D3-BF4B-00C04F79EFBC}") = "Rent", "Rent\Rent.csproj", "{2B5A810A-6889-442B-8BFD-58B0FC8AA898}"
EndProject
Project("{FAE04EC0-301F-11D3-BF4B-00C04F79EFBC}") = "DbBuilder", "DbBuilder\DbBuilder.csproj", "{2FF4D6CF-EE7F-40AE-BD1E-EB4BC487ECC0}"
EndProject
Project("{FAE04EC0-301F-11D3-BF4B-00C04F79EFBC}") = "DataBase", "DataBase\DataBase.csproj", "{135C4954-E33C-49FF-BE4A-0B79733199B3}"
EndProject
Global
	GlobalSection(SolutionConfigurationPlatforms) = preSolution
		Debug|Any CPU = Debug|Any CPU
		Release|Any CPU = Release|Any CPU
	EndGlobalSection
	GlobalSection(ProjectConfigurationPlatforms) = postSolution
		{21A74614-0918-4194-9EE7-171BEE57B1D0}.Debug|Any CPU.ActiveCfg = Debug|Any CPU
		{21A74614-0918-4194-9EE7-171BEE57B1D0}.Debug|Any CPU.Build.0 = Debug|Any CPU
		{21A74614-0918-4194-9EE7-171BEE57B1D0}.Release|Any CPU.ActiveCfg = Release|Any CPU
		{21A74614-0918-4194-9EE7-171BEE57B1D0}.Release|Any CPU.Build.0 = Release|Any CPU
		{9BF4EA29-4648-4C99-AD8F-96276775258C}.Debug|Any CPU.ActiveCfg = Debug|Any CPU
		{9BF4EA29-4648-4C99-AD8F-96276775258C}.Debug|Any CPU.Build.0 = Debug|Any CPU
		{9BF4EA29-4648-4C99-AD8F-96276775258C}.Release|Any CPU.ActiveCfg = Release|Any CPU
		{9BF4EA29-4648-4C99-AD8F-96276775258C}.Release|Any CPU.Build.0 = Release|Any CPU
		{8F0FB5DC-34CE-4CE3-841B-35A4A742F3BA}.Debug|Any CPU.ActiveCfg = Debug|Any CPU
		{8F0FB5DC-34CE-4CE3-841B-35A4A742F3BA}.Debug|Any CPU.Build.0 = Debug|Any CPU
		{8F0FB5DC-34CE-4CE3-841B-35A4A742F3BA}.Release|Any CPU.ActiveCfg = Release|Any CPU
		{8F0FB5DC-34CE-4CE3-841B-35A4A742F3BA}.Release|Any CPU.Build.0 = Release|Any CPU
		{8D6FF413-093F-44C4-82A7-0C7B9E5D0D75}.Debug|Any CPU.ActiveCfg = Debug|Any CPU
		{8D6FF413-093F-44C4-82A7-0C7B9E5D0D75}.Debug|Any CPU.Build.0 = Debug|Any CPU
		{8D6FF413-093F-44C4-82A7-0C7B9E5D0D75}.Release|Any CPU.ActiveCfg = Release|Any CPU
		{8D6FF413-093F-44C4-82A7-0C7B9E5D0D75}.Release|Any CPU.Build.0 = Release|Any CPU
		{E63792BF-942D-47FA-ADE8-40A8E0952C5A}.Debug|Any CPU.ActiveCfg = Debug|Any CPU
		{E63792BF-942D-47FA-ADE8-40A8E0952C5A}.Debug|Any CPU.Build.0 = Debug|Any CPU
		{E63792BF-942D-47FA-ADE8-40A8E0952C5A}.Release|Any CPU.ActiveCfg = Release|Any CPU
		{E63792BF-942D-47FA-ADE8-40A8E0952C5A}.Release|Any CPU.Build.0 = Release|Any CPU
		{DA1402BC-957C-40BD-8B97-FB7845204061}.Debug|Any CPU.ActiveCfg = Debug|Any CPU
		{DA1402BC-957C-40BD-8B97-FB7845204061}.Debug|Any CPU.Build.0 = Debug|Any CPU
		{DA1402BC-957C-40BD-8B97-FB7845204061}.Release|Any CPU.ActiveCfg = Release|Any CPU
		{DA1402BC-957C-40BD-8B97-FB7845204061}.Release|Any CPU.Build.0 = Release|Any CPU
		{FAAE0972-B6D9-4DFE-9112-FB399BFEE14E}.Debug|Any CPU.ActiveCfg = Debug|Any CPU
		{FAAE0972-B6D9-4DFE-9112-FB399BFEE14E}.Debug|Any CPU.Build.0 = Debug|Any CPU
		{FAAE0972-B6D9-4DFE-9112-FB399BFEE14E}.Release|Any CPU.ActiveCfg = Release|Any CPU
		{FAAE0972-B6D9-4DFE-9112-FB399BFEE14E}.Release|Any CPU.Build.0 = Release|Any CPU
		{1775F044-0CAF-4FD6-B57F-B8FB116490E5}.Debug|Any CPU.ActiveCfg = Debug|Any CPU
		{1775F044-0CAF-4FD6-B57F-B8FB116490E5}.Debug|Any CPU.Build.0 = Debug|Any CPU
		{1775F044-0CAF-4FD6-B57F-B8FB116490E5}.Release|Any CPU.ActiveCfg = Release|Any CPU
		{1775F044-0CAF-4FD6-B57F-B8FB116490E5}.Release|Any CPU.Build.0 = Release|Any CPU
		{67235BB6-98E4-4BC6-9B5D-3DE8E38633D0}.Debug|Any CPU.ActiveCfg = Debug|Any CPU
		{67235BB6-98E4-4BC6-9B5D-3DE8E38633D0}.Debug|Any CPU.Build.0 = Debug|Any CPU
		{67235BB6-98E4-4BC6-9B5D-3DE8E38633D0}.Release|Any CPU.ActiveCfg = Release|Any CPU
		{67235BB6-98E4-4BC6-9B5D-3DE8E38633D0}.Release|Any CPU.Build.0 = Release|Any CPU
		{2B5A810A-6889-442B-8BFD-58B0FC8AA898}.Debug|Any CPU.ActiveCfg = Debug|Any CPU
		{2B5A810A-6889-442B-8BFD-58B0FC8AA898}.Debug|Any CPU.Build.0 = Debug|Any CPU
		{2B5A810A-6889-442B-8BFD-58B0FC8AA898}.Release|Any CPU.ActiveCfg = Release|Any CPU
		{2B5A810A-6889-442B-8BFD-58B0FC8AA898}.Release|Any CPU.Build.0 = Release|Any CPU
		{2FF4D6CF-EE7F-40AE-BD1E-EB4BC487ECC0}.Debug|Any CPU.ActiveCfg = Debug|Any CPU
		{2FF4D6CF-EE7F-40AE-BD1E-EB4BC487ECC0}.Debug|Any CPU.Build.0 = Debug|Any CPU
		{2FF4D6CF-EE7F-40AE-BD1E-EB4BC487ECC0}.Release|Any CPU.ActiveCfg = Release|Any CPU
		{2FF4D6CF-EE7F-40AE-BD1E-EB4BC487ECC0}.Release|Any CPU.Build.0 = Release|Any CPU
		{135C4954-E33C-49FF-BE4A-0B79733199B3}.Debug|Any CPU.ActiveCfg = Debug|Any CPU
		{135C4954-E33C-49FF-BE4A-0B79733199B3}.Debug|Any CPU.Build.0 = Debug|Any CPU
		{135C4954-E33C-49FF-BE4A-0B79733199B3}.Release|Any CPU.ActiveCfg = Release|Any CPU
		{135C4954-E33C-49FF-BE4A-0B79733199B3}.Release|Any CPU.Build.0 = Release|Any CPU
	EndGlobalSection
	GlobalSection(SolutionProperties) = preSolution
		HideSolutionNode = FALSE
	EndGlobalSection
	GlobalSection(ExtensibilityGlobals) = postSolution
		SolutionGuid = {8D3BD295-3855-4ACE-B9C1-5B02AFA8AB88}
	EndGlobalSection
EndGlobal
